// !$*UTF8*$!
{
	archiveVersion = 1;
	classes = {
	};
	objectVersion = 55;
	objects = {

/* Begin PBXBuildFile section */
		28B93B238A75B46FDCEAD586 /* Pods_HushRush.framework in Frameworks */ = {isa = PBXBuildFile; fileRef = 2D7CB180BE3E9B310B5DEBCE /* Pods_HushRush.framework */; };
		4ABFD75196FAA2C34B97BA46 /* Pods_EmergencyButtonWidgetExtension.framework in Frameworks */ = {isa = PBXBuildFile; fileRef = 3B9AB6CC41B15F7D9024632E /* Pods_EmergencyButtonWidgetExtension.framework */; };
		4E897D572858534600B64A35 /* EmergencySingleton.swift in Sources */ = {isa = PBXBuildFile; fileRef = 4E897D562858534600B64A35 /* EmergencySingleton.swift */; };
		4E897D5D285858AF00B64A35 /* CancelAlertViewController.swift in Sources */ = {isa = PBXBuildFile; fileRef = 4E897D5C285858AF00B64A35 /* CancelAlertViewController.swift */; };
		936E7347286B386F00C3CD20 /* NavigationManager.swift in Sources */ = {isa = PBXBuildFile; fileRef = 936E7346286B386F00C3CD20 /* NavigationManager.swift */; };
		936E7349286B39F600C3CD20 /* StorageManager.swift in Sources */ = {isa = PBXBuildFile; fileRef = 936E7348286B39F600C3CD20 /* StorageManager.swift */; };
		93E6799F286B342400776E7F /* LoadingViewController.swift in Sources */ = {isa = PBXBuildFile; fileRef = 93E6799E286B342400776E7F /* LoadingViewController.swift */; };
		A82B3AEB2861B21900B1B063 /* TutorialViewController.swift in Sources */ = {isa = PBXBuildFile; fileRef = A82B3AEA2861B21900B1B063 /* TutorialViewController.swift */; };
		A82F0AD2286B57CA00764CC0 /* ChangeProfileViewController.swift in Sources */ = {isa = PBXBuildFile; fileRef = A82F0ACE286B57CA00764CC0 /* ChangeProfileViewController.swift */; };
		A82F0AD3286B57CA00764CC0 /* ContactImportViewController.swift in Sources */ = {isa = PBXBuildFile; fileRef = A82F0ACF286B57CA00764CC0 /* ContactImportViewController.swift */; };
		A82FB81D2855E2230044A5D6 /* AppDelegate.swift in Sources */ = {isa = PBXBuildFile; fileRef = A82FB81C2855E2230044A5D6 /* AppDelegate.swift */; };
		A82FB81F2855E2230044A5D6 /* SceneDelegate.swift in Sources */ = {isa = PBXBuildFile; fileRef = A82FB81E2855E2230044A5D6 /* SceneDelegate.swift */; };
		A82FB8212855E2230044A5D6 /* AlertViewController.swift in Sources */ = {isa = PBXBuildFile; fileRef = A82FB8202855E2230044A5D6 /* AlertViewController.swift */; };
		A82FB8242855E2230044A5D6 /* Main.storyboard in Resources */ = {isa = PBXBuildFile; fileRef = A82FB8222855E2230044A5D6 /* Main.storyboard */; };
		A82FB8272855E2230044A5D6 /* HushRush.xcdatamodeld in Sources */ = {isa = PBXBuildFile; fileRef = A82FB8252855E2230044A5D6 /* HushRush.xcdatamodeld */; };
		A82FB82C2855E2240044A5D6 /* LaunchScreen.storyboard in Resources */ = {isa = PBXBuildFile; fileRef = A82FB82A2855E2240044A5D6 /* LaunchScreen.storyboard */; };
		A82FB86228560D780044A5D6 /* EmergencyViewController.swift in Sources */ = {isa = PBXBuildFile; fileRef = A82FB86128560D780044A5D6 /* EmergencyViewController.swift */; };
		A82FB86428560D8A0044A5D6 /* Emergency.storyboard in Resources */ = {isa = PBXBuildFile; fileRef = A82FB86328560D8A0044A5D6 /* Emergency.storyboard */; };
		A82FB86B28563E890044A5D6 /* DismissViewController.swift in Sources */ = {isa = PBXBuildFile; fileRef = A82FB86A28563E890044A5D6 /* DismissViewController.swift */; };
		A83054C6285980DA005574E5 /* PlusJakartaSans-ExtraBold.ttf in Resources */ = {isa = PBXBuildFile; fileRef = A83054B8285980DA005574E5 /* PlusJakartaSans-ExtraBold.ttf */; };
		A83054C7285980DA005574E5 /* PlusJakartaSans-Medium.ttf in Resources */ = {isa = PBXBuildFile; fileRef = A83054B9285980DA005574E5 /* PlusJakartaSans-Medium.ttf */; };
		A83054C8285980DA005574E5 /* PlusJakartaSans-SemiBoldItalic.ttf in Resources */ = {isa = PBXBuildFile; fileRef = A83054BA285980DA005574E5 /* PlusJakartaSans-SemiBoldItalic.ttf */; };
		A83054C9285980DA005574E5 /* PlusJakartaSans-ExtraLight.ttf in Resources */ = {isa = PBXBuildFile; fileRef = A83054BB285980DA005574E5 /* PlusJakartaSans-ExtraLight.ttf */; };
		A83054CA285980DA005574E5 /* PlusJakartaSans-LightItalic.ttf in Resources */ = {isa = PBXBuildFile; fileRef = A83054BC285980DA005574E5 /* PlusJakartaSans-LightItalic.ttf */; };
		A83054CB285980DA005574E5 /* PlusJakartaSans-ExtraBoldItalic.ttf in Resources */ = {isa = PBXBuildFile; fileRef = A83054BD285980DA005574E5 /* PlusJakartaSans-ExtraBoldItalic.ttf */; };
		A83054CC285980DA005574E5 /* PlusJakartaSans-MediumItalic.ttf in Resources */ = {isa = PBXBuildFile; fileRef = A83054BE285980DA005574E5 /* PlusJakartaSans-MediumItalic.ttf */; };
		A83054CD285980DA005574E5 /* PlusJakartaSans-Italic.ttf in Resources */ = {isa = PBXBuildFile; fileRef = A83054BF285980DA005574E5 /* PlusJakartaSans-Italic.ttf */; };
		A83054CE285980DA005574E5 /* PlusJakartaSans-ExtraLightItalic.ttf in Resources */ = {isa = PBXBuildFile; fileRef = A83054C0285980DA005574E5 /* PlusJakartaSans-ExtraLightItalic.ttf */; };
		A83054CF285980DA005574E5 /* PlusJakartaSans-Bold.ttf in Resources */ = {isa = PBXBuildFile; fileRef = A83054C1285980DA005574E5 /* PlusJakartaSans-Bold.ttf */; };
		A83054D0285980DA005574E5 /* PlusJakartaSans-Light.ttf in Resources */ = {isa = PBXBuildFile; fileRef = A83054C2285980DA005574E5 /* PlusJakartaSans-Light.ttf */; };
		A83054D1285980DA005574E5 /* PlusJakartaSans-BoldItalic.ttf in Resources */ = {isa = PBXBuildFile; fileRef = A83054C3285980DA005574E5 /* PlusJakartaSans-BoldItalic.ttf */; };
		A83054D2285980DA005574E5 /* PlusJakartaSans-Regular.ttf in Resources */ = {isa = PBXBuildFile; fileRef = A83054C4285980DA005574E5 /* PlusJakartaSans-Regular.ttf */; };
		A83054D3285980DA005574E5 /* PlusJakartaSans-SemiBold.ttf in Resources */ = {isa = PBXBuildFile; fileRef = A83054C5285980DA005574E5 /* PlusJakartaSans-SemiBold.ttf */; };
		A83054DD285985EB005574E5 /* TabBarViewController.swift in Sources */ = {isa = PBXBuildFile; fileRef = A83054DC285985EB005574E5 /* TabBarViewController.swift */; };
		A83054DF285985F8005574E5 /* TabBar.storyboard in Resources */ = {isa = PBXBuildFile; fileRef = A83054DE285985F8005574E5 /* TabBar.storyboard */; };
		A896280C2869C1560058BB7D /* Assets.xcassets in Resources */ = {isa = PBXBuildFile; fileRef = A82FB8282855E2240044A5D6 /* Assets.xcassets */; };
		A8982B81286E92D1008AD9D9 /* ProfileViewController.swift in Sources */ = {isa = PBXBuildFile; fileRef = A8982B7F286E92D1008AD9D9 /* ProfileViewController.swift */; };
		A8982B82286E92D1008AD9D9 /* Profile.storyboard in Resources */ = {isa = PBXBuildFile; fileRef = A8982B80286E92D1008AD9D9 /* Profile.storyboard */; };
		A8985517286C597200921909 /* ProfileUserDefaults.swift in Sources */ = {isa = PBXBuildFile; fileRef = A8985516286C597200921909 /* ProfileUserDefaults.swift */; };
		A8985518286C671300921909 /* ProfileUserDefaults.swift in Sources */ = {isa = PBXBuildFile; fileRef = A8985516286C597200921909 /* ProfileUserDefaults.swift */; };
		A8D605CF2865ADE10070D4EF /* OnboardingViewController.swift in Sources */ = {isa = PBXBuildFile; fileRef = A8D605C92865ADE10070D4EF /* OnboardingViewController.swift */; };
		A8D605D02865ADE10070D4EF /* Onboarding.storyboard in Resources */ = {isa = PBXBuildFile; fileRef = A8D605CA2865ADE10070D4EF /* Onboarding.storyboard */; };
		A8D605D12865ADE10070D4EF /* SetUpEmergencyViewController.swift in Sources */ = {isa = PBXBuildFile; fileRef = A8D605CB2865ADE10070D4EF /* SetUpEmergencyViewController.swift */; };
		A8D605D22865ADE10070D4EF /* SetUpPermissionViewController.swift in Sources */ = {isa = PBXBuildFile; fileRef = A8D605CC2865ADE10070D4EF /* SetUpPermissionViewController.swift */; };
		A8D605D32865ADE10070D4EF /* SetUpProfileViewController.swift in Sources */ = {isa = PBXBuildFile; fileRef = A8D605CD2865ADE10070D4EF /* SetUpProfileViewController.swift */; };
		A8D605D42865ADE10070D4EF /* OnboardingCollectionViewCell.swift in Sources */ = {isa = PBXBuildFile; fileRef = A8D605CE2865ADE10070D4EF /* OnboardingCollectionViewCell.swift */; };
		A8D605D62865AE130070D4EF /* OnboardingSlide.swift in Sources */ = {isa = PBXBuildFile; fileRef = A8D605D52865AE130070D4EF /* OnboardingSlide.swift */; };
		A8D605D82865B3B90070D4EF /* SetUpFinishViewController.swift in Sources */ = {isa = PBXBuildFile; fileRef = A8D605D72865B3B90070D4EF /* SetUpFinishViewController.swift */; };
		A8D605DA2865BF790070D4EF /* siren_final.mp3 in Resources */ = {isa = PBXBuildFile; fileRef = A8D605D92865BF790070D4EF /* siren_final.mp3 */; };
		A8E4B863286AD4600055AF6B /* ShadowViewButton.swift in Sources */ = {isa = PBXBuildFile; fileRef = A8E4B862286AD4600055AF6B /* ShadowViewButton.swift */; };
		A8FB654F285E1C5300AB4028 /* WidgetKit.framework in Frameworks */ = {isa = PBXBuildFile; fileRef = A8FB654E285E1C5300AB4028 /* WidgetKit.framework */; };
		A8FB6551285E1C5300AB4028 /* SwiftUI.framework in Frameworks */ = {isa = PBXBuildFile; fileRef = A8FB6550285E1C5300AB4028 /* SwiftUI.framework */; };
		A8FB6554285E1C5300AB4028 /* EmergencyButtonWidget.swift in Sources */ = {isa = PBXBuildFile; fileRef = A8FB6553285E1C5300AB4028 /* EmergencyButtonWidget.swift */; };
		A8FB6556285E1C5300AB4028 /* Assets.xcassets in Resources */ = {isa = PBXBuildFile; fileRef = A8FB6555285E1C5300AB4028 /* Assets.xcassets */; };
		A8FB655B285E1C5400AB4028 /* EmergencyButtonWidgetExtension.appex in Embed App Extensions */ = {isa = PBXBuildFile; fileRef = A8FB654C285E1C5300AB4028 /* EmergencyButtonWidgetExtension.appex */; settings = {ATTRIBUTES = (RemoveHeadersOnCopy, ); }; };
/* End PBXBuildFile section */

/* Begin PBXContainerItemProxy section */
		A8FB6558285E1C5300AB4028 /* PBXContainerItemProxy */ = {
			isa = PBXContainerItemProxy;
			containerPortal = A82FB8112855E2230044A5D6 /* Project object */;
			proxyType = 1;
			remoteGlobalIDString = A8FB654B285E1C5300AB4028;
			remoteInfo = EmergencyButtonWidgetExtension;
		};
/* End PBXContainerItemProxy section */

/* Begin PBXCopyFilesBuildPhase section */
		A8FB655A285E1C5400AB4028 /* Embed App Extensions */ = {
			isa = PBXCopyFilesBuildPhase;
			buildActionMask = 2147483647;
			dstPath = "";
			dstSubfolderSpec = 13;
			files = (
				A8FB655B285E1C5400AB4028 /* EmergencyButtonWidgetExtension.appex in Embed App Extensions */,
			);
			name = "Embed App Extensions";
			runOnlyForDeploymentPostprocessing = 0;
		};
/* End PBXCopyFilesBuildPhase section */

/* Begin PBXFileReference section */
		2D7CB180BE3E9B310B5DEBCE /* Pods_HushRush.framework */ = {isa = PBXFileReference; explicitFileType = wrapper.framework; includeInIndex = 0; path = Pods_HushRush.framework; sourceTree = BUILT_PRODUCTS_DIR; };
		314219D0031398CB3C7CAA62 /* Pods-HushRush.debug.xcconfig */ = {isa = PBXFileReference; includeInIndex = 1; lastKnownFileType = text.xcconfig; name = "Pods-HushRush.debug.xcconfig"; path = "Target Support Files/Pods-HushRush/Pods-HushRush.debug.xcconfig"; sourceTree = "<group>"; };
		3B9AB6CC41B15F7D9024632E /* Pods_EmergencyButtonWidgetExtension.framework */ = {isa = PBXFileReference; explicitFileType = wrapper.framework; includeInIndex = 0; path = Pods_EmergencyButtonWidgetExtension.framework; sourceTree = BUILT_PRODUCTS_DIR; };
		4DD261D102D1EF253A0B5577 /* Pods-EmergencyButtonWidgetExtension.debug.xcconfig */ = {isa = PBXFileReference; includeInIndex = 1; lastKnownFileType = text.xcconfig; name = "Pods-EmergencyButtonWidgetExtension.debug.xcconfig"; path = "Target Support Files/Pods-EmergencyButtonWidgetExtension/Pods-EmergencyButtonWidgetExtension.debug.xcconfig"; sourceTree = "<group>"; };
		4E897D562858534600B64A35 /* EmergencySingleton.swift */ = {isa = PBXFileReference; fileEncoding = 4; lastKnownFileType = sourcecode.swift; name = EmergencySingleton.swift; path = Model/EmergencySingleton.swift; sourceTree = "<group>"; };
		4E897D5C285858AF00B64A35 /* CancelAlertViewController.swift */ = {isa = PBXFileReference; lastKnownFileType = sourcecode.swift; path = CancelAlertViewController.swift; sourceTree = "<group>"; };
		6CA49BF76887807641C4271A /* Pods-EmergencyButtonWidgetExtension.release.xcconfig */ = {isa = PBXFileReference; includeInIndex = 1; lastKnownFileType = text.xcconfig; name = "Pods-EmergencyButtonWidgetExtension.release.xcconfig"; path = "Target Support Files/Pods-EmergencyButtonWidgetExtension/Pods-EmergencyButtonWidgetExtension.release.xcconfig"; sourceTree = "<group>"; };
		936E7346286B386F00C3CD20 /* NavigationManager.swift */ = {isa = PBXFileReference; lastKnownFileType = sourcecode.swift; path = NavigationManager.swift; sourceTree = "<group>"; };
		936E7348286B39F600C3CD20 /* StorageManager.swift */ = {isa = PBXFileReference; lastKnownFileType = sourcecode.swift; path = StorageManager.swift; sourceTree = "<group>"; };
		93E6799E286B342400776E7F /* LoadingViewController.swift */ = {isa = PBXFileReference; lastKnownFileType = sourcecode.swift; path = LoadingViewController.swift; sourceTree = "<group>"; };
		A82B3AEA2861B21900B1B063 /* TutorialViewController.swift */ = {isa = PBXFileReference; lastKnownFileType = sourcecode.swift; path = TutorialViewController.swift; sourceTree = "<group>"; };
		A82F0ACE286B57CA00764CC0 /* ChangeProfileViewController.swift */ = {isa = PBXFileReference; fileEncoding = 4; lastKnownFileType = sourcecode.swift; path = ChangeProfileViewController.swift; sourceTree = "<group>"; };
		A82F0ACF286B57CA00764CC0 /* ContactImportViewController.swift */ = {isa = PBXFileReference; fileEncoding = 4; lastKnownFileType = sourcecode.swift; path = ContactImportViewController.swift; sourceTree = "<group>"; };
		A82FB8192855E2230044A5D6 /* HushRush.app */ = {isa = PBXFileReference; explicitFileType = wrapper.application; includeInIndex = 0; path = HushRush.app; sourceTree = BUILT_PRODUCTS_DIR; };
		A82FB81C2855E2230044A5D6 /* AppDelegate.swift */ = {isa = PBXFileReference; lastKnownFileType = sourcecode.swift; path = AppDelegate.swift; sourceTree = "<group>"; };
		A82FB81E2855E2230044A5D6 /* SceneDelegate.swift */ = {isa = PBXFileReference; lastKnownFileType = sourcecode.swift; path = SceneDelegate.swift; sourceTree = "<group>"; };
		A82FB8202855E2230044A5D6 /* AlertViewController.swift */ = {isa = PBXFileReference; lastKnownFileType = sourcecode.swift; path = AlertViewController.swift; sourceTree = "<group>"; };
		A82FB8232855E2230044A5D6 /* Base */ = {isa = PBXFileReference; lastKnownFileType = file.storyboard; name = Base; path = Base.lproj/Main.storyboard; sourceTree = "<group>"; };
		A82FB8262855E2230044A5D6 /* HushRush.xcdatamodel */ = {isa = PBXFileReference; lastKnownFileType = wrapper.xcdatamodel; path = HushRush.xcdatamodel; sourceTree = "<group>"; };
		A82FB8282855E2240044A5D6 /* Assets.xcassets */ = {isa = PBXFileReference; lastKnownFileType = folder.assetcatalog; name = Assets.xcassets; path = HushRush/Assets.xcassets; sourceTree = SOURCE_ROOT; };
		A82FB82B2855E2240044A5D6 /* Base */ = {isa = PBXFileReference; lastKnownFileType = file.storyboard; name = Base; path = Base.lproj/LaunchScreen.storyboard; sourceTree = "<group>"; };
		A82FB82D2855E2240044A5D6 /* Info.plist */ = {isa = PBXFileReference; lastKnownFileType = text.plist.xml; path = Info.plist; sourceTree = "<group>"; };
		A82FB86128560D780044A5D6 /* EmergencyViewController.swift */ = {isa = PBXFileReference; lastKnownFileType = sourcecode.swift; path = EmergencyViewController.swift; sourceTree = "<group>"; };
		A82FB86328560D8A0044A5D6 /* Emergency.storyboard */ = {isa = PBXFileReference; lastKnownFileType = file.storyboard; path = Emergency.storyboard; sourceTree = "<group>"; };
		A82FB86A28563E890044A5D6 /* DismissViewController.swift */ = {isa = PBXFileReference; lastKnownFileType = sourcecode.swift; path = DismissViewController.swift; sourceTree = "<group>"; };
		A83054B8285980DA005574E5 /* PlusJakartaSans-ExtraBold.ttf */ = {isa = PBXFileReference; lastKnownFileType = file; name = "PlusJakartaSans-ExtraBold.ttf"; path = "Themes/Fonts/PlusJakartaSans-ExtraBold.ttf"; sourceTree = "<group>"; };
		A83054B9285980DA005574E5 /* PlusJakartaSans-Medium.ttf */ = {isa = PBXFileReference; lastKnownFileType = file; name = "PlusJakartaSans-Medium.ttf"; path = "Themes/Fonts/PlusJakartaSans-Medium.ttf"; sourceTree = "<group>"; };
		A83054BA285980DA005574E5 /* PlusJakartaSans-SemiBoldItalic.ttf */ = {isa = PBXFileReference; lastKnownFileType = file; name = "PlusJakartaSans-SemiBoldItalic.ttf"; path = "Themes/Fonts/PlusJakartaSans-SemiBoldItalic.ttf"; sourceTree = "<group>"; };
		A83054BB285980DA005574E5 /* PlusJakartaSans-ExtraLight.ttf */ = {isa = PBXFileReference; lastKnownFileType = file; name = "PlusJakartaSans-ExtraLight.ttf"; path = "Themes/Fonts/PlusJakartaSans-ExtraLight.ttf"; sourceTree = "<group>"; };
		A83054BC285980DA005574E5 /* PlusJakartaSans-LightItalic.ttf */ = {isa = PBXFileReference; lastKnownFileType = file; name = "PlusJakartaSans-LightItalic.ttf"; path = "Themes/Fonts/PlusJakartaSans-LightItalic.ttf"; sourceTree = "<group>"; };
		A83054BD285980DA005574E5 /* PlusJakartaSans-ExtraBoldItalic.ttf */ = {isa = PBXFileReference; lastKnownFileType = file; name = "PlusJakartaSans-ExtraBoldItalic.ttf"; path = "Themes/Fonts/PlusJakartaSans-ExtraBoldItalic.ttf"; sourceTree = "<group>"; };
		A83054BE285980DA005574E5 /* PlusJakartaSans-MediumItalic.ttf */ = {isa = PBXFileReference; lastKnownFileType = file; name = "PlusJakartaSans-MediumItalic.ttf"; path = "Themes/Fonts/PlusJakartaSans-MediumItalic.ttf"; sourceTree = "<group>"; };
		A83054BF285980DA005574E5 /* PlusJakartaSans-Italic.ttf */ = {isa = PBXFileReference; lastKnownFileType = file; name = "PlusJakartaSans-Italic.ttf"; path = "Themes/Fonts/PlusJakartaSans-Italic.ttf"; sourceTree = "<group>"; };
		A83054C0285980DA005574E5 /* PlusJakartaSans-ExtraLightItalic.ttf */ = {isa = PBXFileReference; lastKnownFileType = file; name = "PlusJakartaSans-ExtraLightItalic.ttf"; path = "Themes/Fonts/PlusJakartaSans-ExtraLightItalic.ttf"; sourceTree = "<group>"; };
		A83054C1285980DA005574E5 /* PlusJakartaSans-Bold.ttf */ = {isa = PBXFileReference; lastKnownFileType = file; name = "PlusJakartaSans-Bold.ttf"; path = "Themes/Fonts/PlusJakartaSans-Bold.ttf"; sourceTree = "<group>"; };
		A83054C2285980DA005574E5 /* PlusJakartaSans-Light.ttf */ = {isa = PBXFileReference; lastKnownFileType = file; name = "PlusJakartaSans-Light.ttf"; path = "Themes/Fonts/PlusJakartaSans-Light.ttf"; sourceTree = "<group>"; };
		A83054C3285980DA005574E5 /* PlusJakartaSans-BoldItalic.ttf */ = {isa = PBXFileReference; lastKnownFileType = file; name = "PlusJakartaSans-BoldItalic.ttf"; path = "Themes/Fonts/PlusJakartaSans-BoldItalic.ttf"; sourceTree = "<group>"; };
		A83054C4285980DA005574E5 /* PlusJakartaSans-Regular.ttf */ = {isa = PBXFileReference; lastKnownFileType = file; name = "PlusJakartaSans-Regular.ttf"; path = "Themes/Fonts/PlusJakartaSans-Regular.ttf"; sourceTree = "<group>"; };
		A83054C5285980DA005574E5 /* PlusJakartaSans-SemiBold.ttf */ = {isa = PBXFileReference; lastKnownFileType = file; name = "PlusJakartaSans-SemiBold.ttf"; path = "Themes/Fonts/PlusJakartaSans-SemiBold.ttf"; sourceTree = "<group>"; };
		A83054DC285985EB005574E5 /* TabBarViewController.swift */ = {isa = PBXFileReference; lastKnownFileType = sourcecode.swift; path = TabBarViewController.swift; sourceTree = "<group>"; };
		A83054DE285985F8005574E5 /* TabBar.storyboard */ = {isa = PBXFileReference; lastKnownFileType = file.storyboard; path = TabBar.storyboard; sourceTree = "<group>"; };
		A8982B7F286E92D1008AD9D9 /* ProfileViewController.swift */ = {isa = PBXFileReference; fileEncoding = 4; lastKnownFileType = sourcecode.swift; path = ProfileViewController.swift; sourceTree = "<group>"; };
		A8982B80286E92D1008AD9D9 /* Profile.storyboard */ = {isa = PBXFileReference; fileEncoding = 4; lastKnownFileType = file.storyboard; path = Profile.storyboard; sourceTree = "<group>"; };
		A8985516286C597200921909 /* ProfileUserDefaults.swift */ = {isa = PBXFileReference; lastKnownFileType = sourcecode.swift; path = ProfileUserDefaults.swift; sourceTree = "<group>"; };
		A8D605C92865ADE10070D4EF /* OnboardingViewController.swift */ = {isa = PBXFileReference; fileEncoding = 4; lastKnownFileType = sourcecode.swift; path = OnboardingViewController.swift; sourceTree = "<group>"; };
		A8D605CA2865ADE10070D4EF /* Onboarding.storyboard */ = {isa = PBXFileReference; fileEncoding = 4; lastKnownFileType = file.storyboard; path = Onboarding.storyboard; sourceTree = "<group>"; };
		A8D605CB2865ADE10070D4EF /* SetUpEmergencyViewController.swift */ = {isa = PBXFileReference; fileEncoding = 4; lastKnownFileType = sourcecode.swift; path = SetUpEmergencyViewController.swift; sourceTree = "<group>"; };
		A8D605CC2865ADE10070D4EF /* SetUpPermissionViewController.swift */ = {isa = PBXFileReference; fileEncoding = 4; lastKnownFileType = sourcecode.swift; path = SetUpPermissionViewController.swift; sourceTree = "<group>"; };
		A8D605CD2865ADE10070D4EF /* SetUpProfileViewController.swift */ = {isa = PBXFileReference; fileEncoding = 4; lastKnownFileType = sourcecode.swift; path = SetUpProfileViewController.swift; sourceTree = "<group>"; };
		A8D605CE2865ADE10070D4EF /* OnboardingCollectionViewCell.swift */ = {isa = PBXFileReference; fileEncoding = 4; lastKnownFileType = sourcecode.swift; path = OnboardingCollectionViewCell.swift; sourceTree = "<group>"; };
		A8D605D52865AE130070D4EF /* OnboardingSlide.swift */ = {isa = PBXFileReference; lastKnownFileType = sourcecode.swift; path = OnboardingSlide.swift; sourceTree = "<group>"; };
		A8D605D72865B3B90070D4EF /* SetUpFinishViewController.swift */ = {isa = PBXFileReference; lastKnownFileType = sourcecode.swift; path = SetUpFinishViewController.swift; sourceTree = "<group>"; };
		A8D605D92865BF790070D4EF /* siren_final.mp3 */ = {isa = PBXFileReference; lastKnownFileType = audio.mp3; path = siren_final.mp3; sourceTree = "<group>"; };
		A8E4B862286AD4600055AF6B /* ShadowViewButton.swift */ = {isa = PBXFileReference; lastKnownFileType = sourcecode.swift; path = ShadowViewButton.swift; sourceTree = "<group>"; };
		A8FB654C285E1C5300AB4028 /* EmergencyButtonWidgetExtension.appex */ = {isa = PBXFileReference; explicitFileType = "wrapper.app-extension"; includeInIndex = 0; path = EmergencyButtonWidgetExtension.appex; sourceTree = BUILT_PRODUCTS_DIR; };
		A8FB654E285E1C5300AB4028 /* WidgetKit.framework */ = {isa = PBXFileReference; lastKnownFileType = wrapper.framework; name = WidgetKit.framework; path = System/Library/Frameworks/WidgetKit.framework; sourceTree = SDKROOT; };
		A8FB6550285E1C5300AB4028 /* SwiftUI.framework */ = {isa = PBXFileReference; lastKnownFileType = wrapper.framework; name = SwiftUI.framework; path = System/Library/Frameworks/SwiftUI.framework; sourceTree = SDKROOT; };
		A8FB6553285E1C5300AB4028 /* EmergencyButtonWidget.swift */ = {isa = PBXFileReference; lastKnownFileType = sourcecode.swift; path = EmergencyButtonWidget.swift; sourceTree = "<group>"; };
		A8FB6555285E1C5300AB4028 /* Assets.xcassets */ = {isa = PBXFileReference; lastKnownFileType = folder.assetcatalog; path = Assets.xcassets; sourceTree = "<group>"; };
		A8FB6557285E1C5300AB4028 /* Info.plist */ = {isa = PBXFileReference; lastKnownFileType = text.plist.xml; path = Info.plist; sourceTree = "<group>"; };
		DE10E1DBC380EB84D0200CD1 /* Pods-HushRush.release.xcconfig */ = {isa = PBXFileReference; includeInIndex = 1; lastKnownFileType = text.xcconfig; name = "Pods-HushRush.release.xcconfig"; path = "Target Support Files/Pods-HushRush/Pods-HushRush.release.xcconfig"; sourceTree = "<group>"; };
/* End PBXFileReference section */

/* Begin PBXFrameworksBuildPhase section */
		A82FB8162855E2230044A5D6 /* Frameworks */ = {
			isa = PBXFrameworksBuildPhase;
			buildActionMask = 2147483647;
			files = (
				28B93B238A75B46FDCEAD586 /* Pods_HushRush.framework in Frameworks */,
			);
			runOnlyForDeploymentPostprocessing = 0;
		};
		A8FB6549285E1C5300AB4028 /* Frameworks */ = {
			isa = PBXFrameworksBuildPhase;
			buildActionMask = 2147483647;
			files = (
				A8FB6551285E1C5300AB4028 /* SwiftUI.framework in Frameworks */,
				A8FB654F285E1C5300AB4028 /* WidgetKit.framework in Frameworks */,
				4ABFD75196FAA2C34B97BA46 /* Pods_EmergencyButtonWidgetExtension.framework in Frameworks */,
			);
			runOnlyForDeploymentPostprocessing = 0;
		};
/* End PBXFrameworksBuildPhase section */

/* Begin PBXGroup section */
		4D77280F79785C7C74A64979 /* Pods */ = {
			isa = PBXGroup;
			children = (
				4DD261D102D1EF253A0B5577 /* Pods-EmergencyButtonWidgetExtension.debug.xcconfig */,
				6CA49BF76887807641C4271A /* Pods-EmergencyButtonWidgetExtension.release.xcconfig */,
				314219D0031398CB3C7CAA62 /* Pods-HushRush.debug.xcconfig */,
				DE10E1DBC380EB84D0200CD1 /* Pods-HushRush.release.xcconfig */,
			);
			path = Pods;
			sourceTree = "<group>";
		};
		A82FB8102855E2230044A5D6 = {
			isa = PBXGroup;
			children = (
				A82FB81B2855E2230044A5D6 /* HushRush */,
				A8FB6552285E1C5300AB4028 /* EmergencyButtonWidget */,
				A8FB654D285E1C5300AB4028 /* Frameworks */,
				A82FB81A2855E2230044A5D6 /* Products */,
				4D77280F79785C7C74A64979 /* Pods */,
			);
			sourceTree = "<group>";
		};
		A82FB81A2855E2230044A5D6 /* Products */ = {
			isa = PBXGroup;
			children = (
				A82FB8192855E2230044A5D6 /* HushRush.app */,
				A8FB654C285E1C5300AB4028 /* EmergencyButtonWidgetExtension.appex */,
			);
			name = Products;
			sourceTree = "<group>";
		};
		A82FB81B2855E2230044A5D6 /* HushRush */ = {
			isa = PBXGroup;
			children = (
				A82FB81C2855E2230044A5D6 /* AppDelegate.swift */,
				A82FB81E2855E2230044A5D6 /* SceneDelegate.swift */,
				A82FB8522855E88C0044A5D6 /* Model */,
				A82FB8332855E5AE0044A5D6 /* Themes */,
				A82FB8532855E8AA0044A5D6 /* Scenes */,
				A82FB8282855E2240044A5D6 /* Assets.xcassets */,
				A82FB82A2855E2240044A5D6 /* LaunchScreen.storyboard */,
				A82FB82D2855E2240044A5D6 /* Info.plist */,
				A82FB8252855E2230044A5D6 /* HushRush.xcdatamodeld */,
			);
			path = HushRush;
			sourceTree = "<group>";
		};
		A82FB8332855E5AE0044A5D6 /* Themes */ = {
			isa = PBXGroup;
			children = (
				A83054D82859818B005574E5 /* Sound */,
				A82FB8342855E5B90044A5D6 /* Fonts */,
			);
			name = Themes;
			sourceTree = "<group>";
		};
		A82FB8342855E5B90044A5D6 /* Fonts */ = {
			isa = PBXGroup;
			children = (
				A83054C1285980DA005574E5 /* PlusJakartaSans-Bold.ttf */,
				A83054C3285980DA005574E5 /* PlusJakartaSans-BoldItalic.ttf */,
				A83054B8285980DA005574E5 /* PlusJakartaSans-ExtraBold.ttf */,
				A83054BD285980DA005574E5 /* PlusJakartaSans-ExtraBoldItalic.ttf */,
				A83054BB285980DA005574E5 /* PlusJakartaSans-ExtraLight.ttf */,
				A83054C0285980DA005574E5 /* PlusJakartaSans-ExtraLightItalic.ttf */,
				A83054BF285980DA005574E5 /* PlusJakartaSans-Italic.ttf */,
				A83054C2285980DA005574E5 /* PlusJakartaSans-Light.ttf */,
				A83054BC285980DA005574E5 /* PlusJakartaSans-LightItalic.ttf */,
				A83054B9285980DA005574E5 /* PlusJakartaSans-Medium.ttf */,
				A83054BE285980DA005574E5 /* PlusJakartaSans-MediumItalic.ttf */,
				A83054C4285980DA005574E5 /* PlusJakartaSans-Regular.ttf */,
				A83054C5285980DA005574E5 /* PlusJakartaSans-SemiBold.ttf */,
				A83054BA285980DA005574E5 /* PlusJakartaSans-SemiBoldItalic.ttf */,
			);
			name = Fonts;
			sourceTree = "<group>";
		};
		A82FB8522855E88C0044A5D6 /* Model */ = {
			isa = PBXGroup;
			children = (
				4E897D562858534600B64A35 /* EmergencySingleton.swift */,
				A8D605D52865AE130070D4EF /* OnboardingSlide.swift */,
				A8E4B862286AD4600055AF6B /* ShadowViewButton.swift */,
				936E7346286B386F00C3CD20 /* NavigationManager.swift */,
				936E7348286B39F600C3CD20 /* StorageManager.swift */,
				A8985516286C597200921909 /* ProfileUserDefaults.swift */,
			);
			name = Model;
			sourceTree = "<group>";
		};
		A82FB8532855E8AA0044A5D6 /* Scenes */ = {
			isa = PBXGroup;
			children = (
				A8D605C82865ADB90070D4EF /* Onboarding */,
				A83054DB285985D5005574E5 /* TabBar */,
				A82FB8542855E9250044A5D6 /* Alert */,
				A82FB86028560D5A0044A5D6 /* Emergency */,
				A82FB8562855E9430044A5D6 /* Profile */,
			);
			path = Scenes;
			sourceTree = "<group>";
		};
		A82FB8542855E9250044A5D6 /* Alert */ = {
			isa = PBXGroup;
			children = (
				A82FB8202855E2230044A5D6 /* AlertViewController.swift */,
				A82B3AEA2861B21900B1B063 /* TutorialViewController.swift */,
				4E897D5C285858AF00B64A35 /* CancelAlertViewController.swift */,
				A82FB8222855E2230044A5D6 /* Main.storyboard */,
			);
			path = Alert;
			sourceTree = "<group>";
		};
		A82FB8562855E9430044A5D6 /* Profile */ = {
			isa = PBXGroup;
			children = (
				A82F0ACE286B57CA00764CC0 /* ChangeProfileViewController.swift */,
				A82F0ACF286B57CA00764CC0 /* ContactImportViewController.swift */,
				A8982B80286E92D1008AD9D9 /* Profile.storyboard */,
				A8982B7F286E92D1008AD9D9 /* ProfileViewController.swift */,
			);
			path = Profile;
			sourceTree = "<group>";
		};
		A82FB86028560D5A0044A5D6 /* Emergency */ = {
			isa = PBXGroup;
			children = (
				A82FB86128560D780044A5D6 /* EmergencyViewController.swift */,
				A82FB86A28563E890044A5D6 /* DismissViewController.swift */,
				A82FB86328560D8A0044A5D6 /* Emergency.storyboard */,
			);
			path = Emergency;
			sourceTree = "<group>";
		};
		A83054D82859818B005574E5 /* Sound */ = {
			isa = PBXGroup;
			children = (
				A8D605D92865BF790070D4EF /* siren_final.mp3 */,
			);
			name = Sound;
			sourceTree = "<group>";
		};
		A83054DB285985D5005574E5 /* TabBar */ = {
			isa = PBXGroup;
			children = (
				A83054DC285985EB005574E5 /* TabBarViewController.swift */,
				A83054DE285985F8005574E5 /* TabBar.storyboard */,
			);
			path = TabBar;
			sourceTree = "<group>";
		};
		A8D605C82865ADB90070D4EF /* Onboarding */ = {
			isa = PBXGroup;
			children = (
				A8D605CA2865ADE10070D4EF /* Onboarding.storyboard */,
				A8D605CE2865ADE10070D4EF /* OnboardingCollectionViewCell.swift */,
				A8D605C92865ADE10070D4EF /* OnboardingViewController.swift */,
				A8D605CB2865ADE10070D4EF /* SetUpEmergencyViewController.swift */,
				A8D605CC2865ADE10070D4EF /* SetUpPermissionViewController.swift */,
				A8D605CD2865ADE10070D4EF /* SetUpProfileViewController.swift */,
				A8D605D72865B3B90070D4EF /* SetUpFinishViewController.swift */,
				93E6799E286B342400776E7F /* LoadingViewController.swift */,
			);
			path = Onboarding;
			sourceTree = "<group>";
		};
		A8FB654D285E1C5300AB4028 /* Frameworks */ = {
			isa = PBXGroup;
			children = (
				A8FB654E285E1C5300AB4028 /* WidgetKit.framework */,
				A8FB6550285E1C5300AB4028 /* SwiftUI.framework */,
				3B9AB6CC41B15F7D9024632E /* Pods_EmergencyButtonWidgetExtension.framework */,
				2D7CB180BE3E9B310B5DEBCE /* Pods_HushRush.framework */,
			);
			name = Frameworks;
			sourceTree = "<group>";
		};
		A8FB6552285E1C5300AB4028 /* EmergencyButtonWidget */ = {
			isa = PBXGroup;
			children = (
				A8FB6553285E1C5300AB4028 /* EmergencyButtonWidget.swift */,
				A8FB6555285E1C5300AB4028 /* Assets.xcassets */,
				A8FB6557285E1C5300AB4028 /* Info.plist */,
			);
			path = EmergencyButtonWidget;
			sourceTree = "<group>";
		};
/* End PBXGroup section */

/* Begin PBXNativeTarget section */
		A82FB8182855E2230044A5D6 /* HushRush */ = {
			isa = PBXNativeTarget;
			buildConfigurationList = A82FB8302855E2240044A5D6 /* Build configuration list for PBXNativeTarget "HushRush" */;
			buildPhases = (
				BFF50C2CBC31D0BB8A7E1D52 /* [CP] Check Pods Manifest.lock */,
				A82FB8152855E2230044A5D6 /* Sources */,
				A82FB8162855E2230044A5D6 /* Frameworks */,
				A82FB8172855E2230044A5D6 /* Resources */,
				A8FB655A285E1C5400AB4028 /* Embed App Extensions */,
				C5AE54216439151732A5284A /* [CP] Embed Pods Frameworks */,
			);
			buildRules = (
			);
			dependencies = (
				A8FB6559285E1C5300AB4028 /* PBXTargetDependency */,
			);
			name = HushRush;
			productName = HushRush;
			productReference = A82FB8192855E2230044A5D6 /* HushRush.app */;
			productType = "com.apple.product-type.application";
		};
		A8FB654B285E1C5300AB4028 /* EmergencyButtonWidgetExtension */ = {
			isa = PBXNativeTarget;
			buildConfigurationList = A8FB655E285E1C5400AB4028 /* Build configuration list for PBXNativeTarget "EmergencyButtonWidgetExtension" */;
			buildPhases = (
				381F61B68DBE80D24043F948 /* [CP] Check Pods Manifest.lock */,
				A8FB6548285E1C5300AB4028 /* Sources */,
				A8FB6549285E1C5300AB4028 /* Frameworks */,
				A8FB654A285E1C5300AB4028 /* Resources */,
			);
			buildRules = (
			);
			dependencies = (
			);
			name = EmergencyButtonWidgetExtension;
			productName = EmergencyButtonWidgetExtension;
			productReference = A8FB654C285E1C5300AB4028 /* EmergencyButtonWidgetExtension.appex */;
			productType = "com.apple.product-type.app-extension";
		};
/* End PBXNativeTarget section */

/* Begin PBXProject section */
		A82FB8112855E2230044A5D6 /* Project object */ = {
			isa = PBXProject;
			attributes = {
				BuildIndependentTargetsInParallel = 1;
				LastSwiftUpdateCheck = 1340;
				LastUpgradeCheck = 1330;
				TargetAttributes = {
					A82FB8182855E2230044A5D6 = {
						CreatedOnToolsVersion = 13.3.1;
					};
					A8FB654B285E1C5300AB4028 = {
						CreatedOnToolsVersion = 13.4.1;
					};
				};
			};
			buildConfigurationList = A82FB8142855E2230044A5D6 /* Build configuration list for PBXProject "HushRush" */;
			compatibilityVersion = "Xcode 13.0";
			developmentRegion = en;
			hasScannedForEncodings = 0;
			knownRegions = (
				en,
				Base,
			);
			mainGroup = A82FB8102855E2230044A5D6;
			productRefGroup = A82FB81A2855E2230044A5D6 /* Products */;
			projectDirPath = "";
			projectRoot = "";
			targets = (
				A82FB8182855E2230044A5D6 /* HushRush */,
				A8FB654B285E1C5300AB4028 /* EmergencyButtonWidgetExtension */,
			);
		};
/* End PBXProject section */

/* Begin PBXResourcesBuildPhase section */
		A82FB8172855E2230044A5D6 /* Resources */ = {
			isa = PBXResourcesBuildPhase;
			buildActionMask = 2147483647;
			files = (
				A83054CE285980DA005574E5 /* PlusJakartaSans-ExtraLightItalic.ttf in Resources */,
				A82FB82C2855E2240044A5D6 /* LaunchScreen.storyboard in Resources */,
				A896280C2869C1560058BB7D /* Assets.xcassets in Resources */,
				A83054CA285980DA005574E5 /* PlusJakartaSans-LightItalic.ttf in Resources */,
				A83054C9285980DA005574E5 /* PlusJakartaSans-ExtraLight.ttf in Resources */,
				A83054CC285980DA005574E5 /* PlusJakartaSans-MediumItalic.ttf in Resources */,
				A83054D3285980DA005574E5 /* PlusJakartaSans-SemiBold.ttf in Resources */,
				A83054CD285980DA005574E5 /* PlusJakartaSans-Italic.ttf in Resources */,
				A83054C7285980DA005574E5 /* PlusJakartaSans-Medium.ttf in Resources */,
				A83054D1285980DA005574E5 /* PlusJakartaSans-BoldItalic.ttf in Resources */,
				A8D605D02865ADE10070D4EF /* Onboarding.storyboard in Resources */,
				A83054CF285980DA005574E5 /* PlusJakartaSans-Bold.ttf in Resources */,
				A8982B82286E92D1008AD9D9 /* Profile.storyboard in Resources */,
				A83054D0285980DA005574E5 /* PlusJakartaSans-Light.ttf in Resources */,
				A83054C6285980DA005574E5 /* PlusJakartaSans-ExtraBold.ttf in Resources */,
				A83054C8285980DA005574E5 /* PlusJakartaSans-SemiBoldItalic.ttf in Resources */,
				A82FB8242855E2230044A5D6 /* Main.storyboard in Resources */,
				A8D605DA2865BF790070D4EF /* siren_final.mp3 in Resources */,
				A83054D2285980DA005574E5 /* PlusJakartaSans-Regular.ttf in Resources */,
				A83054CB285980DA005574E5 /* PlusJakartaSans-ExtraBoldItalic.ttf in Resources */,
				A83054DF285985F8005574E5 /* TabBar.storyboard in Resources */,
				A82FB86428560D8A0044A5D6 /* Emergency.storyboard in Resources */,
			);
			runOnlyForDeploymentPostprocessing = 0;
		};
		A8FB654A285E1C5300AB4028 /* Resources */ = {
			isa = PBXResourcesBuildPhase;
			buildActionMask = 2147483647;
			files = (
				A8FB6556285E1C5300AB4028 /* Assets.xcassets in Resources */,
			);
			runOnlyForDeploymentPostprocessing = 0;
		};
/* End PBXResourcesBuildPhase section */

/* Begin PBXShellScriptBuildPhase section */
		381F61B68DBE80D24043F948 /* [CP] Check Pods Manifest.lock */ = {
			isa = PBXShellScriptBuildPhase;
			buildActionMask = 2147483647;
			files = (
			);
			inputFileListPaths = (
			);
			inputPaths = (
				"${PODS_PODFILE_DIR_PATH}/Podfile.lock",
				"${PODS_ROOT}/Manifest.lock",
			);
			name = "[CP] Check Pods Manifest.lock";
			outputFileListPaths = (
			);
			outputPaths = (
				"$(DERIVED_FILE_DIR)/Pods-EmergencyButtonWidgetExtension-checkManifestLockResult.txt",
			);
			runOnlyForDeploymentPostprocessing = 0;
			shellPath = /bin/sh;
			shellScript = "diff \"${PODS_PODFILE_DIR_PATH}/Podfile.lock\" \"${PODS_ROOT}/Manifest.lock\" > /dev/null\nif [ $? != 0 ] ; then\n    # print error to STDERR\n    echo \"error: The sandbox is not in sync with the Podfile.lock. Run 'pod install' or update your CocoaPods installation.\" >&2\n    exit 1\nfi\n# This output is used by Xcode 'outputs' to avoid re-running this script phase.\necho \"SUCCESS\" > \"${SCRIPT_OUTPUT_FILE_0}\"\n";
			showEnvVarsInLog = 0;
		};
		BFF50C2CBC31D0BB8A7E1D52 /* [CP] Check Pods Manifest.lock */ = {
			isa = PBXShellScriptBuildPhase;
			buildActionMask = 2147483647;
			files = (
			);
			inputFileListPaths = (
			);
			inputPaths = (
				"${PODS_PODFILE_DIR_PATH}/Podfile.lock",
				"${PODS_ROOT}/Manifest.lock",
			);
			name = "[CP] Check Pods Manifest.lock";
			outputFileListPaths = (
			);
			outputPaths = (
				"$(DERIVED_FILE_DIR)/Pods-HushRush-checkManifestLockResult.txt",
			);
			runOnlyForDeploymentPostprocessing = 0;
			shellPath = /bin/sh;
			shellScript = "diff \"${PODS_PODFILE_DIR_PATH}/Podfile.lock\" \"${PODS_ROOT}/Manifest.lock\" > /dev/null\nif [ $? != 0 ] ; then\n    # print error to STDERR\n    echo \"error: The sandbox is not in sync with the Podfile.lock. Run 'pod install' or update your CocoaPods installation.\" >&2\n    exit 1\nfi\n# This output is used by Xcode 'outputs' to avoid re-running this script phase.\necho \"SUCCESS\" > \"${SCRIPT_OUTPUT_FILE_0}\"\n";
			showEnvVarsInLog = 0;
		};
		C5AE54216439151732A5284A /* [CP] Embed Pods Frameworks */ = {
			isa = PBXShellScriptBuildPhase;
			buildActionMask = 2147483647;
			files = (
			);
			inputFileListPaths = (
				"${PODS_ROOT}/Target Support Files/Pods-HushRush/Pods-HushRush-frameworks-${CONFIGURATION}-input-files.xcfilelist",
			);
			name = "[CP] Embed Pods Frameworks";
			outputFileListPaths = (
				"${PODS_ROOT}/Target Support Files/Pods-HushRush/Pods-HushRush-frameworks-${CONFIGURATION}-output-files.xcfilelist",
			);
			runOnlyForDeploymentPostprocessing = 0;
			shellPath = /bin/sh;
			shellScript = "\"${PODS_ROOT}/Target Support Files/Pods-HushRush/Pods-HushRush-frameworks.sh\"\n";
			showEnvVarsInLog = 0;
		};
/* End PBXShellScriptBuildPhase section */

/* Begin PBXSourcesBuildPhase section */
		A82FB8152855E2230044A5D6 /* Sources */ = {
			isa = PBXSourcesBuildPhase;
			buildActionMask = 2147483647;
			files = (
				A8D605D12865ADE10070D4EF /* SetUpEmergencyViewController.swift in Sources */,
				A82FB8212855E2230044A5D6 /* AlertViewController.swift in Sources */,
				A8E4B863286AD4600055AF6B /* ShadowViewButton.swift in Sources */,
				A82FB86B28563E890044A5D6 /* DismissViewController.swift in Sources */,
				A82F0AD3286B57CA00764CC0 /* ContactImportViewController.swift in Sources */,
				A82F0AD2286B57CA00764CC0 /* ChangeProfileViewController.swift in Sources */,
				A8D605D42865ADE10070D4EF /* OnboardingCollectionViewCell.swift in Sources */,
				A82FB86228560D780044A5D6 /* EmergencyViewController.swift in Sources */,
				A82FB81D2855E2230044A5D6 /* AppDelegate.swift in Sources */,
				A8D605D32865ADE10070D4EF /* SetUpProfileViewController.swift in Sources */,
				A82FB81F2855E2230044A5D6 /* SceneDelegate.swift in Sources */,
				936E7347286B386F00C3CD20 /* NavigationManager.swift in Sources */,
				4E897D572858534600B64A35 /* EmergencySingleton.swift in Sources */,
				A8D605CF2865ADE10070D4EF /* OnboardingViewController.swift in Sources */,
				A82FB8272855E2230044A5D6 /* HushRush.xcdatamodeld in Sources */,
				93E6799F286B342400776E7F /* LoadingViewController.swift in Sources */,
				A83054DD285985EB005574E5 /* TabBarViewController.swift in Sources */,
				A82B3AEB2861B21900B1B063 /* TutorialViewController.swift in Sources */,
				A8D605D62865AE130070D4EF /* OnboardingSlide.swift in Sources */,
				4E897D5D285858AF00B64A35 /* CancelAlertViewController.swift in Sources */,
				A8985517286C597200921909 /* ProfileUserDefaults.swift in Sources */,
				A8D605D22865ADE10070D4EF /* SetUpPermissionViewController.swift in Sources */,
				A8982B81286E92D1008AD9D9 /* ProfileViewController.swift in Sources */,
				A8D605D82865B3B90070D4EF /* SetUpFinishViewController.swift in Sources */,
				936E7349286B39F600C3CD20 /* StorageManager.swift in Sources */,
			);
			runOnlyForDeploymentPostprocessing = 0;
		};
		A8FB6548285E1C5300AB4028 /* Sources */ = {
			isa = PBXSourcesBuildPhase;
			buildActionMask = 2147483647;
			files = (
				A8FB6554285E1C5300AB4028 /* EmergencyButtonWidget.swift in Sources */,
				A8985518286C671300921909 /* ProfileUserDefaults.swift in Sources */,
			);
			runOnlyForDeploymentPostprocessing = 0;
		};
/* End PBXSourcesBuildPhase section */

/* Begin PBXTargetDependency section */
		A8FB6559285E1C5300AB4028 /* PBXTargetDependency */ = {
			isa = PBXTargetDependency;
			target = A8FB654B285E1C5300AB4028 /* EmergencyButtonWidgetExtension */;
			targetProxy = A8FB6558285E1C5300AB4028 /* PBXContainerItemProxy */;
		};
/* End PBXTargetDependency section */

/* Begin PBXVariantGroup section */
		A82FB8222855E2230044A5D6 /* Main.storyboard */ = {
			isa = PBXVariantGroup;
			children = (
				A82FB8232855E2230044A5D6 /* Base */,
			);
			name = Main.storyboard;
			sourceTree = "<group>";
		};
		A82FB82A2855E2240044A5D6 /* LaunchScreen.storyboard */ = {
			isa = PBXVariantGroup;
			children = (
				A82FB82B2855E2240044A5D6 /* Base */,
			);
			name = LaunchScreen.storyboard;
			sourceTree = "<group>";
		};
/* End PBXVariantGroup section */

/* Begin XCBuildConfiguration section */
		A82FB82E2855E2240044A5D6 /* Debug */ = {
			isa = XCBuildConfiguration;
			buildSettings = {
				ALWAYS_SEARCH_USER_PATHS = NO;
				CLANG_ANALYZER_NONNULL = YES;
				CLANG_ANALYZER_NUMBER_OBJECT_CONVERSION = YES_AGGRESSIVE;
				CLANG_CXX_LANGUAGE_STANDARD = "gnu++17";
				CLANG_ENABLE_MODULES = YES;
				CLANG_ENABLE_OBJC_ARC = YES;
				CLANG_ENABLE_OBJC_WEAK = YES;
				CLANG_WARN_BLOCK_CAPTURE_AUTORELEASING = YES;
				CLANG_WARN_BOOL_CONVERSION = YES;
				CLANG_WARN_COMMA = YES;
				CLANG_WARN_CONSTANT_CONVERSION = YES;
				CLANG_WARN_DEPRECATED_OBJC_IMPLEMENTATIONS = YES;
				CLANG_WARN_DIRECT_OBJC_ISA_USAGE = YES_ERROR;
				CLANG_WARN_DOCUMENTATION_COMMENTS = YES;
				CLANG_WARN_EMPTY_BODY = YES;
				CLANG_WARN_ENUM_CONVERSION = YES;
				CLANG_WARN_INFINITE_RECURSION = YES;
				CLANG_WARN_INT_CONVERSION = YES;
				CLANG_WARN_NON_LITERAL_NULL_CONVERSION = YES;
				CLANG_WARN_OBJC_IMPLICIT_RETAIN_SELF = YES;
				CLANG_WARN_OBJC_LITERAL_CONVERSION = YES;
				CLANG_WARN_OBJC_ROOT_CLASS = YES_ERROR;
				CLANG_WARN_QUOTED_INCLUDE_IN_FRAMEWORK_HEADER = YES;
				CLANG_WARN_RANGE_LOOP_ANALYSIS = YES;
				CLANG_WARN_STRICT_PROTOTYPES = YES;
				CLANG_WARN_SUSPICIOUS_MOVE = YES;
				CLANG_WARN_UNGUARDED_AVAILABILITY = YES_AGGRESSIVE;
				CLANG_WARN_UNREACHABLE_CODE = YES;
				CLANG_WARN__DUPLICATE_METHOD_MATCH = YES;
				COPY_PHASE_STRIP = NO;
				DEBUG_INFORMATION_FORMAT = dwarf;
				ENABLE_STRICT_OBJC_MSGSEND = YES;
				ENABLE_TESTABILITY = YES;
				GCC_C_LANGUAGE_STANDARD = gnu11;
				GCC_DYNAMIC_NO_PIC = NO;
				GCC_NO_COMMON_BLOCKS = YES;
				GCC_OPTIMIZATION_LEVEL = 0;
				GCC_PREPROCESSOR_DEFINITIONS = (
					"DEBUG=1",
					"$(inherited)",
				);
				GCC_WARN_64_TO_32_BIT_CONVERSION = YES;
				GCC_WARN_ABOUT_RETURN_TYPE = YES_ERROR;
				GCC_WARN_UNDECLARED_SELECTOR = YES;
				GCC_WARN_UNINITIALIZED_AUTOS = YES_AGGRESSIVE;
				GCC_WARN_UNUSED_FUNCTION = YES;
				GCC_WARN_UNUSED_VARIABLE = YES;
				IPHONEOS_DEPLOYMENT_TARGET = 15.4;
				MTL_ENABLE_DEBUG_INFO = INCLUDE_SOURCE;
				MTL_FAST_MATH = YES;
				ONLY_ACTIVE_ARCH = YES;
				SDKROOT = iphoneos;
				SWIFT_ACTIVE_COMPILATION_CONDITIONS = DEBUG;
				SWIFT_OPTIMIZATION_LEVEL = "-Onone";
			};
			name = Debug;
		};
		A82FB82F2855E2240044A5D6 /* Release */ = {
			isa = XCBuildConfiguration;
			buildSettings = {
				ALWAYS_SEARCH_USER_PATHS = NO;
				CLANG_ANALYZER_NONNULL = YES;
				CLANG_ANALYZER_NUMBER_OBJECT_CONVERSION = YES_AGGRESSIVE;
				CLANG_CXX_LANGUAGE_STANDARD = "gnu++17";
				CLANG_ENABLE_MODULES = YES;
				CLANG_ENABLE_OBJC_ARC = YES;
				CLANG_ENABLE_OBJC_WEAK = YES;
				CLANG_WARN_BLOCK_CAPTURE_AUTORELEASING = YES;
				CLANG_WARN_BOOL_CONVERSION = YES;
				CLANG_WARN_COMMA = YES;
				CLANG_WARN_CONSTANT_CONVERSION = YES;
				CLANG_WARN_DEPRECATED_OBJC_IMPLEMENTATIONS = YES;
				CLANG_WARN_DIRECT_OBJC_ISA_USAGE = YES_ERROR;
				CLANG_WARN_DOCUMENTATION_COMMENTS = YES;
				CLANG_WARN_EMPTY_BODY = YES;
				CLANG_WARN_ENUM_CONVERSION = YES;
				CLANG_WARN_INFINITE_RECURSION = YES;
				CLANG_WARN_INT_CONVERSION = YES;
				CLANG_WARN_NON_LITERAL_NULL_CONVERSION = YES;
				CLANG_WARN_OBJC_IMPLICIT_RETAIN_SELF = YES;
				CLANG_WARN_OBJC_LITERAL_CONVERSION = YES;
				CLANG_WARN_OBJC_ROOT_CLASS = YES_ERROR;
				CLANG_WARN_QUOTED_INCLUDE_IN_FRAMEWORK_HEADER = YES;
				CLANG_WARN_RANGE_LOOP_ANALYSIS = YES;
				CLANG_WARN_STRICT_PROTOTYPES = YES;
				CLANG_WARN_SUSPICIOUS_MOVE = YES;
				CLANG_WARN_UNGUARDED_AVAILABILITY = YES_AGGRESSIVE;
				CLANG_WARN_UNREACHABLE_CODE = YES;
				CLANG_WARN__DUPLICATE_METHOD_MATCH = YES;
				COPY_PHASE_STRIP = NO;
				DEBUG_INFORMATION_FORMAT = "dwarf-with-dsym";
				ENABLE_NS_ASSERTIONS = NO;
				ENABLE_STRICT_OBJC_MSGSEND = YES;
				GCC_C_LANGUAGE_STANDARD = gnu11;
				GCC_NO_COMMON_BLOCKS = YES;
				GCC_WARN_64_TO_32_BIT_CONVERSION = YES;
				GCC_WARN_ABOUT_RETURN_TYPE = YES_ERROR;
				GCC_WARN_UNDECLARED_SELECTOR = YES;
				GCC_WARN_UNINITIALIZED_AUTOS = YES_AGGRESSIVE;
				GCC_WARN_UNUSED_FUNCTION = YES;
				GCC_WARN_UNUSED_VARIABLE = YES;
				IPHONEOS_DEPLOYMENT_TARGET = 15.4;
				MTL_ENABLE_DEBUG_INFO = NO;
				MTL_FAST_MATH = YES;
				SDKROOT = iphoneos;
				SWIFT_COMPILATION_MODE = wholemodule;
				SWIFT_OPTIMIZATION_LEVEL = "-O";
				VALIDATE_PRODUCT = YES;
			};
			name = Release;
		};
		A82FB8312855E2240044A5D6 /* Debug */ = {
			isa = XCBuildConfiguration;
			baseConfigurationReference = 314219D0031398CB3C7CAA62 /* Pods-HushRush.debug.xcconfig */;
			buildSettings = {
				ALWAYS_EMBED_SWIFT_STANDARD_LIBRARIES = YES;
				ASSETCATALOG_COMPILER_APPICON_NAME = AppIcon;
				ASSETCATALOG_COMPILER_GLOBAL_ACCENT_COLOR_NAME = AccentColor;
				ASSETCATALOG_COMPILER_INCLUDE_ALL_APPICON_ASSETS = YES;
				CODE_SIGN_STYLE = Automatic;
				CURRENT_PROJECT_VERSION = 1;
				DEVELOPMENT_TEAM = NRD8HSMRZ7;
				GENERATE_INFOPLIST_FILE = YES;
				INFOPLIST_FILE = HushRush/Info.plist;
				INFOPLIST_KEY_CFBundleDisplayName = "";
				INFOPLIST_KEY_LSApplicationCategoryType = "";
				INFOPLIST_KEY_NSCameraUsageDescription = "HushRush akan merekam video secara otomatis yang dapat anda gunakan sebagai barang bukti ketika sistem keamanan diaktifkan.";
				INFOPLIST_KEY_NSContactsUsageDescription = "";
				INFOPLIST_KEY_NSLocationAlwaysUsageDescription = "HushRush akan mengirimkan lokasi anda ke kontak darurat yang telah terdaftarkan ketika sistem keamanan diaktifkan.";
				INFOPLIST_KEY_NSLocationWhenInUseUsageDescription = "HushRush akan mengirimkan lokasi anda ke kontak darurat yang telah terdaftarkan ketika sistem keamanan diaktifkan.";
				INFOPLIST_KEY_NSPhotoLibraryAddUsageDescription = "HushRush menyimpan video bukti yang sudah direkam di aplikasi Photos lokal anda.";
				INFOPLIST_KEY_NSPhotoLibraryUsageDescription = "HushRush menyimpan video bukti yang sudah direkam di aplikasi Photos lokal anda.";
				INFOPLIST_KEY_UIApplicationSupportsIndirectInputEvents = YES;
				INFOPLIST_KEY_UILaunchStoryboardName = LaunchScreen;
				INFOPLIST_KEY_UIMainStoryboardFile = Main;
				INFOPLIST_KEY_UISupportedInterfaceOrientations = UIInterfaceOrientationPortrait;
				INFOPLIST_KEY_UISupportedInterfaceOrientations_iPad = "UIInterfaceOrientationPortrait UIInterfaceOrientationPortraitUpsideDown UIInterfaceOrientationLandscapeLeft UIInterfaceOrientationLandscapeRight";
				INFOPLIST_KEY_UISupportedInterfaceOrientations_iPhone = UIInterfaceOrientationPortrait;
				INFOPLIST_KEY_UIUserInterfaceStyle = Light;
				LD_RUNPATH_SEARCH_PATHS = (
					"$(inherited)",
					"@executable_path/Frameworks",
				);
				MARKETING_VERSION = 1.0;
				PRODUCT_BUNDLE_IDENTIFIER = "Six-Eleven.HushRush";
				PRODUCT_NAME = "$(TARGET_NAME)";
				SWIFT_EMIT_LOC_STRINGS = YES;
				SWIFT_VERSION = 5.0;
				TARGETED_DEVICE_FAMILY = "1,2";
			};
			name = Debug;
		};
		A82FB8322855E2240044A5D6 /* Release */ = {
			isa = XCBuildConfiguration;
			baseConfigurationReference = DE10E1DBC380EB84D0200CD1 /* Pods-HushRush.release.xcconfig */;
			buildSettings = {
				ALWAYS_EMBED_SWIFT_STANDARD_LIBRARIES = YES;
				ASSETCATALOG_COMPILER_APPICON_NAME = AppIcon;
				ASSETCATALOG_COMPILER_GLOBAL_ACCENT_COLOR_NAME = AccentColor;
				ASSETCATALOG_COMPILER_INCLUDE_ALL_APPICON_ASSETS = YES;
				CODE_SIGN_STYLE = Automatic;
				CURRENT_PROJECT_VERSION = 1;
				DEVELOPMENT_TEAM = NRD8HSMRZ7;
				GENERATE_INFOPLIST_FILE = YES;
				INFOPLIST_FILE = HushRush/Info.plist;
				INFOPLIST_KEY_CFBundleDisplayName = "";
				INFOPLIST_KEY_LSApplicationCategoryType = "";
				INFOPLIST_KEY_NSCameraUsageDescription = "HushRush akan merekam video secara otomatis yang dapat anda gunakan sebagai barang bukti ketika sistem keamanan diaktifkan.";
				INFOPLIST_KEY_NSContactsUsageDescription = "";
				INFOPLIST_KEY_NSLocationAlwaysUsageDescription = "HushRush akan mengirimkan lokasi anda ke kontak darurat yang telah terdaftarkan ketika sistem keamanan diaktifkan.";
				INFOPLIST_KEY_NSLocationWhenInUseUsageDescription = "HushRush akan mengirimkan lokasi anda ke kontak darurat yang telah terdaftarkan ketika sistem keamanan diaktifkan.";
				INFOPLIST_KEY_NSPhotoLibraryAddUsageDescription = "HushRush menyimpan video bukti yang sudah direkam di aplikasi Photos lokal anda.";
				INFOPLIST_KEY_NSPhotoLibraryUsageDescription = "HushRush menyimpan video bukti yang sudah direkam di aplikasi Photos lokal anda.";
				INFOPLIST_KEY_UIApplicationSupportsIndirectInputEvents = YES;
				INFOPLIST_KEY_UILaunchStoryboardName = LaunchScreen;
				INFOPLIST_KEY_UIMainStoryboardFile = Main;
				INFOPLIST_KEY_UISupportedInterfaceOrientations = UIInterfaceOrientationPortrait;
				INFOPLIST_KEY_UISupportedInterfaceOrientations_iPad = "UIInterfaceOrientationPortrait UIInterfaceOrientationPortraitUpsideDown UIInterfaceOrientationLandscapeLeft UIInterfaceOrientationLandscapeRight";
				INFOPLIST_KEY_UISupportedInterfaceOrientations_iPhone = UIInterfaceOrientationPortrait;
				INFOPLIST_KEY_UIUserInterfaceStyle = Light;
				LD_RUNPATH_SEARCH_PATHS = (
					"$(inherited)",
					"@executable_path/Frameworks",
				);
				MARKETING_VERSION = 1.0;
				PRODUCT_BUNDLE_IDENTIFIER = "Six-Eleven.HushRush";
				PRODUCT_NAME = "$(TARGET_NAME)";
				SWIFT_EMIT_LOC_STRINGS = YES;
				SWIFT_VERSION = 5.0;
				TARGETED_DEVICE_FAMILY = "1,2";
			};
			name = Release;
		};
		A8FB655C285E1C5400AB4028 /* Debug */ = {
			isa = XCBuildConfiguration;
			baseConfigurationReference = 4DD261D102D1EF253A0B5577 /* Pods-EmergencyButtonWidgetExtension.debug.xcconfig */;
			buildSettings = {
				ASSETCATALOG_COMPILER_GLOBAL_ACCENT_COLOR_NAME = AccentColor;
				ASSETCATALOG_COMPILER_WIDGET_BACKGROUND_COLOR_NAME = WidgetBackground;
				CODE_SIGN_STYLE = Automatic;
				CURRENT_PROJECT_VERSION = 1;
				DEVELOPMENT_TEAM = NRD8HSMRZ7;
				GENERATE_INFOPLIST_FILE = YES;
				INFOPLIST_FILE = EmergencyButtonWidget/Info.plist;
				INFOPLIST_KEY_CFBundleDisplayName = EmergencyButtonWidget;
				INFOPLIST_KEY_NSHumanReadableCopyright = "";
				IPHONEOS_DEPLOYMENT_TARGET = 15.5;
				LD_RUNPATH_SEARCH_PATHS = (
					"$(inherited)",
					"@executable_path/Frameworks",
					"@executable_path/../../Frameworks",
				);
				MARKETING_VERSION = 1.0;
				PRODUCT_BUNDLE_IDENTIFIER = "Six-Eleven.HushRush.EmergencyButtonWidget";
				PRODUCT_NAME = "$(TARGET_NAME)";
				SKIP_INSTALL = YES;
				SWIFT_EMIT_LOC_STRINGS = YES;
				SWIFT_VERSION = 5.0;
				TARGETED_DEVICE_FAMILY = "1,2";
			};
			name = Debug;
		};
		A8FB655D285E1C5400AB4028 /* Release */ = {
			isa = XCBuildConfiguration;
			baseConfigurationReference = 6CA49BF76887807641C4271A /* Pods-EmergencyButtonWidgetExtension.release.xcconfig */;
			buildSettings = {
				ASSETCATALOG_COMPILER_GLOBAL_ACCENT_COLOR_NAME = AccentColor;
				ASSETCATALOG_COMPILER_WIDGET_BACKGROUND_COLOR_NAME = WidgetBackground;
				CODE_SIGN_STYLE = Automatic;
				CURRENT_PROJECT_VERSION = 1;
				DEVELOPMENT_TEAM = NRD8HSMRZ7;
				GENERATE_INFOPLIST_FILE = YES;
				INFOPLIST_FILE = EmergencyButtonWidget/Info.plist;
				INFOPLIST_KEY_CFBundleDisplayName = EmergencyButtonWidget;
				INFOPLIST_KEY_NSHumanReadableCopyright = "";
				IPHONEOS_DEPLOYMENT_TARGET = 15.5;
				LD_RUNPATH_SEARCH_PATHS = (
					"$(inherited)",
					"@executable_path/Frameworks",
					"@executable_path/../../Frameworks",
				);
				MARKETING_VERSION = 1.0;
				PRODUCT_BUNDLE_IDENTIFIER = "Six-Eleven.HushRush.EmergencyButtonWidget";
				PRODUCT_NAME = "$(TARGET_NAME)";
				SKIP_INSTALL = YES;
				SWIFT_EMIT_LOC_STRINGS = YES;
				SWIFT_VERSION = 5.0;
				TARGETED_DEVICE_FAMILY = "1,2";
			};
			name = Release;
		};
/* End XCBuildConfiguration section */

/* Begin XCConfigurationList section */
		A82FB8142855E2230044A5D6 /* Build configuration list for PBXProject "HushRush" */ = {
			isa = XCConfigurationList;
			buildConfigurations = (
				A82FB82E2855E2240044A5D6 /* Debug */,
				A82FB82F2855E2240044A5D6 /* Release */,
			);
			defaultConfigurationIsVisible = 0;
			defaultConfigurationName = Release;
		};
		A82FB8302855E2240044A5D6 /* Build configuration list for PBXNativeTarget "HushRush" */ = {
			isa = XCConfigurationList;
			buildConfigurations = (
				A82FB8312855E2240044A5D6 /* Debug */,
				A82FB8322855E2240044A5D6 /* Release */,
			);
			defaultConfigurationIsVisible = 0;
			defaultConfigurationName = Release;
		};
		A8FB655E285E1C5400AB4028 /* Build configuration list for PBXNativeTarget "EmergencyButtonWidgetExtension" */ = {
			isa = XCConfigurationList;
			buildConfigurations = (
				A8FB655C285E1C5400AB4028 /* Debug */,
				A8FB655D285E1C5400AB4028 /* Release */,
			);
			defaultConfigurationIsVisible = 0;
			defaultConfigurationName = Release;
		};
/* End XCConfigurationList section */

/* Begin XCVersionGroup section */
		A82FB8252855E2230044A5D6 /* HushRush.xcdatamodeld */ = {
			isa = XCVersionGroup;
			children = (
				A82FB8262855E2230044A5D6 /* HushRush.xcdatamodel */,
			);
			currentVersion = A82FB8262855E2230044A5D6 /* HushRush.xcdatamodel */;
			path = HushRush.xcdatamodeld;
			sourceTree = "<group>";
			versionGroupType = wrapper.xcdatamodel;
		};
/* End XCVersionGroup section */
	};
	rootObject = A82FB8112855E2230044A5D6 /* Project object */;
}
